
Microsoft Visual Studio Solution File, Format Version 12.00
# Visual Studio 15
VisualStudioVersion = 15.0.28307.1062
MinimumVisualStudioVersion = 10.0.40219.1
Project("{9A19103F-16F7-4668-BE54-9A1E7A4F7556}") = "DiskAccessMethods", "DiskAccessMethods\DiskAccessMethods.csproj", "{00183C5B-BD18-4089-8BD2-D48A472A5DDD}"
EndProject
Project("{FAE04EC0-301F-11D3-BF4B-00C04F79EFBC}") = "XUnitTestProject1", "XUnitTestProject1\XUnitTestProject1.csproj", "{FCD546E5-18F8-45F2-8E48-3F76DFF43FE9}"
EndProject
Global
	GlobalSection(SolutionConfigurationPlatforms) = preSolution
		Debug|Any CPU = Debug|Any CPU
		Release|Any CPU = Release|Any CPU
	EndGlobalSection
	GlobalSection(ProjectConfigurationPlatforms) = postSolution
		{00183C5B-BD18-4089-8BD2-D48A472A5DDD}.Debug|Any CPU.ActiveCfg = Debug|Any CPU
		{00183C5B-BD18-4089-8BD2-D48A472A5DDD}.Debug|Any CPU.Build.0 = Debug|Any CPU
		{00183C5B-BD18-4089-8BD2-D48A472A5DDD}.Release|Any CPU.ActiveCfg = Release|Any CPU
		{00183C5B-BD18-4089-8BD2-D48A472A5DDD}.Release|Any CPU.Build.0 = Release|Any CPU
		{FCD546E5-18F8-45F2-8E48-3F76DFF43FE9}.Debug|Any CPU.ActiveCfg = Debug|Any CPU
		{FCD546E5-18F8-45F2-8E48-3F76DFF43FE9}.Debug|Any CPU.Build.0 = Debug|Any CPU
		{FCD546E5-18F8-45F2-8E48-3F76DFF43FE9}.Release|Any CPU.ActiveCfg = Release|Any CPU
		{FCD546E5-18F8-45F2-8E48-3F76DFF43FE9}.Release|Any CPU.Build.0 = Release|Any CPU
	EndGlobalSection
	GlobalSection(SolutionProperties) = preSolution
		HideSolutionNode = FALSE
	EndGlobalSection
	GlobalSection(ExtensibilityGlobals) = postSolution
		SolutionGuid = {9E072FBC-3139-4A9B-9FD2-56BFE2B7AE95}
	EndGlobalSection
EndGlobal
